Microsoft Visual Studio Solution File, Format Version 11.00
# Visual Studio 2008

Project("{7FF631F6-C3B1-2592-4D09-1BCDD8E26D38}") = "Juego_pachuca", "Assembly-CSharp.csproj", "{0E3E396D-CB40-1BBC-6F22-E00755EF3967}"
EndProject
Global
	GlobalSection(SolutionConfigurationPlatforms) = preSolution
		Debug|Any CPU = Debug|Any CPU
		Release|Any CPU = Release|Any CPU
	EndGlobalSection
	GlobalSection(ProjectConfigurationPlatforms) = postSolution
		{0E3E396D-CB40-1BBC-6F22-E00755EF3967}.Debug|Any CPU.ActiveCfg = Debug|Any CPU
		{0E3E396D-CB40-1BBC-6F22-E00755EF3967}.Debug|Any CPU.Build.0 = Debug|Any CPU
		{0E3E396D-CB40-1BBC-6F22-E00755EF3967}.Release|Any CPU.ActiveCfg = Release|Any CPU
		{0E3E396D-CB40-1BBC-6F22-E00755EF3967}.Release|Any CPU.Build.0 = Release|Any CPU
	EndGlobalSection
	GlobalSection(SolutionProperties) = preSolution
		HideSolutionNode = FALSE
	EndGlobalSection
	GlobalSection(MonoDevelopProperties) = preSolution
		StartupItem = Assembly-CSharp.csproj
	EndGlobalSection
EndGlobal
